
Microsoft Visual Studio Solution File, Format Version 12.00
# Visual Studio 15
VisualStudioVersion = 15.0.28010.2048
MinimumVisualStudioVersion = 10.0.40219.1
Project("{FAE04EC0-301F-11D3-BF4B-00C04F79EFBC}") = "EmployeeService", "EmployeeService\EmployeeService.csproj", "{CBB68E81-7D10-473B-85DF-65B8FE35A2F1}"
EndProject
Project("{FAE04EC0-301F-11D3-BF4B-00C04F79EFBC}") = "EmployeeManagementSystem", "EmployeeManagementSystem\EmployeeManagementSystem.csproj", "{AEFFCB7B-ABDD-41BB-AE3A-74C7E58F406C}"
	ProjectSection(ProjectDependencies) = postProject
		{CBB68E81-7D10-473B-85DF-65B8FE35A2F1} = {CBB68E81-7D10-473B-85DF-65B8FE35A2F1}
	EndProjectSection
EndProject
Global
	GlobalSection(SolutionConfigurationPlatforms) = preSolution
		Debug|Any CPU = Debug|Any CPU
		Release|Any CPU = Release|Any CPU
	EndGlobalSection
	GlobalSection(ProjectConfigurationPlatforms) = postSolution
		{CBB68E81-7D10-473B-85DF-65B8FE35A2F1}.Debug|Any CPU.ActiveCfg = Debug|Any CPU
		{CBB68E81-7D10-473B-85DF-65B8FE35A2F1}.Debug|Any CPU.Build.0 = Debug|Any CPU
		{CBB68E81-7D10-473B-85DF-65B8FE35A2F1}.Release|Any CPU.ActiveCfg = Release|Any CPU
		{CBB68E81-7D10-473B-85DF-65B8FE35A2F1}.Release|Any CPU.Build.0 = Release|Any CPU
		{AEFFCB7B-ABDD-41BB-AE3A-74C7E58F406C}.Debug|Any CPU.ActiveCfg = Debug|Any CPU
		{AEFFCB7B-ABDD-41BB-AE3A-74C7E58F406C}.Debug|Any CPU.Build.0 = Debug|Any CPU
		{AEFFCB7B-ABDD-41BB-AE3A-74C7E58F406C}.Release|Any CPU.ActiveCfg = Release|Any CPU
		{AEFFCB7B-ABDD-41BB-AE3A-74C7E58F406C}.Release|Any CPU.Build.0 = Release|Any CPU
	EndGlobalSection
	GlobalSection(SolutionProperties) = preSolution
		HideSolutionNode = FALSE
	EndGlobalSection
	GlobalSection(ExtensibilityGlobals) = postSolution
		SolutionGuid = {3F4E391A-15B1-4857-8A09-DE4FFE2B55CE}
	EndGlobalSection
EndGlobal
